
Microsoft Visual Studio Solution File, Format Version 12.00
# Visual Studio Version 17
VisualStudioVersion = 17.14.36414.22
MinimumVisualStudioVersion = 10.0.40219.1
Project("{FAE04EC0-301F-11D3-BF4B-00C04F79EFBC}") = "piskvorky", "piskvorky\piskvorky.csproj", "{318111AC-F42A-4137-ACDF-11D35135417E}"
EndProject
Project("{FAE04EC0-301F-11D3-BF4B-00C04F79EFBC}") = "kamen_nuzky_papir", "kamen_nuzky_papir\kamen_nuzky_papir.csproj", "{D90753C5-CBC1-42C1-8773-4DE0B778E10A}"
EndProject
Global
	GlobalSection(SolutionConfigurationPlatforms) = preSolution
		Debug|Any CPU = Debug|Any CPU
		Release|Any CPU = Release|Any CPU
	EndGlobalSection
	GlobalSection(ProjectConfigurationPlatforms) = postSolution
		{318111AC-F42A-4137-ACDF-11D35135417E}.Debug|Any CPU.ActiveCfg = Debug|Any CPU
		{318111AC-F42A-4137-ACDF-11D35135417E}.Debug|Any CPU.Build.0 = Debug|Any CPU
		{318111AC-F42A-4137-ACDF-11D35135417E}.Release|Any CPU.ActiveCfg = Release|Any CPU
		{318111AC-F42A-4137-ACDF-11D35135417E}.Release|Any CPU.Build.0 = Release|Any CPU
		{D90753C5-CBC1-42C1-8773-4DE0B778E10A}.Debug|Any CPU.ActiveCfg = Debug|Any CPU
		{D90753C5-CBC1-42C1-8773-4DE0B778E10A}.Debug|Any CPU.Build.0 = Debug|Any CPU
		{D90753C5-CBC1-42C1-8773-4DE0B778E10A}.Release|Any CPU.ActiveCfg = Release|Any CPU
		{D90753C5-CBC1-42C1-8773-4DE0B778E10A}.Release|Any CPU.Build.0 = Release|Any CPU
	EndGlobalSection
	GlobalSection(SolutionProperties) = preSolution
		HideSolutionNode = FALSE
	EndGlobalSection
	GlobalSection(ExtensibilityGlobals) = postSolution
		SolutionGuid = {1E52C943-4080-47B1-8754-7A5986FD470E}
	EndGlobalSection
EndGlobal
